
Microsoft Visual Studio Solution File, Format Version 12.00
# Visual Studio Version 17
VisualStudioVersion = 17.5.33627.172
MinimumVisualStudioVersion = 10.0.40219.1
Project("{9A19103F-16F7-4668-BE54-9A1E7A4F7556}") = "FurkanAslan_Restoran", "FurkanAslan_Restoran\FurkanAslan_Restoran.csproj", "{7694DF8B-922B-4F75-85AB-AF8736EC2040}"
EndProject
Global
	GlobalSection(SolutionConfigurationPlatforms) = preSolution
		Debug|Any CPU = Debug|Any CPU
		Release|Any CPU = Release|Any CPU
	EndGlobalSection
	GlobalSection(ProjectConfigurationPlatforms) = postSolution
		{7694DF8B-922B-4F75-85AB-AF8736EC2040}.Debug|Any CPU.ActiveCfg = Debug|Any CPU
		{7694DF8B-922B-4F75-85AB-AF8736EC2040}.Debug|Any CPU.Build.0 = Debug|Any CPU
		{7694DF8B-922B-4F75-85AB-AF8736EC2040}.Release|Any CPU.ActiveCfg = Release|Any CPU
		{7694DF8B-922B-4F75-85AB-AF8736EC2040}.Release|Any CPU.Build.0 = Release|Any CPU
	EndGlobalSection
	GlobalSection(SolutionProperties) = preSolution
		HideSolutionNode = FALSE
	EndGlobalSection
	GlobalSection(ExtensibilityGlobals) = postSolution
		SolutionGuid = {1292A51C-54BA-4297-9D01-20ED21D46E41}
	EndGlobalSection
EndGlobal
